
Microsoft Visual Studio Solution File, Format Version 12.00
# Visual Studio Version 17
VisualStudioVersion = 17.0.31903.59
MinimumVisualStudioVersion = 10.0.40219.1
Project("{FAE04EC0-301F-11D3-BF4B-00C04F79EFBC}") = "PB.Proposta.Worker", "PB.Proposta.Worker\PB.Proposta.Worker.csproj", "{F96E9ECF-60EB-4A8F-BDCD-BC758C371961}"
EndProject
Project("{FAE04EC0-301F-11D3-BF4B-00C04F79EFBC}") = "PB.Cartao.Worker", "PB.Cartao.Worker\PB.Cartao.Worker.csproj", "{56A61E28-9D34-4564-A7F8-CA8C48375D49}"
EndProject
Project("{2150E333-8FDC-42A3-9474-1A3956D46DE8}") = "Cliente", "Cliente", "{4895B5AE-4CE1-465E-B3EE-6ADDD6840446}"
EndProject
Project("{FAE04EC0-301F-11D3-BF4B-00C04F79EFBC}") = "PB.Cliente.Presentation", "Cliente\PB.Cliente.Presentation\PB.Cliente.Presentation.csproj", "{3D21F112-E081-40EC-AF5C-2B6412A695BE}"
EndProject
Project("{FAE04EC0-301F-11D3-BF4B-00C04F79EFBC}") = "PB.Cliente.Application", "Cliente\PB.Cliente.Application\PB.Cliente.Application.csproj", "{DC23E5C1-4BB0-4047-8A36-012DC08F7895}"
EndProject
Project("{FAE04EC0-301F-11D3-BF4B-00C04F79EFBC}") = "PB.Cliente.Domain", "Cliente\PB.Cliente.Domain\PB.Cliente.Domain.csproj", "{D668D429-1765-4DE0-A5C2-D8D0194286E5}"
EndProject
Project("{FAE04EC0-301F-11D3-BF4B-00C04F79EFBC}") = "PB.Cliente.Infrastructure", "Cliente\PB.Cliente.Infrastructure\PB.Cliente.Infrastructure.csproj", "{9711FA1D-9602-4716-B6EB-75260C93B5D3}"
EndProject
Project("{2150E333-8FDC-42A3-9474-1A3956D46DE8}") = "PB.Proposta.Worker", "PB.Proposta.Worker", "{A817D30B-D93C-4549-B57F-826AE41CB5F7}"
EndProject
Project("{FAE04EC0-301F-11D3-BF4B-00C04F79EFBC}") = "PB.Proposta.Application", "PB.Proposta.Worker\PB.Proposta.Application\PB.Proposta.Application.csproj", "{BA02D558-29FF-4C1C-A65E-4205B75FCA93}"
EndProject
Project("{FAE04EC0-301F-11D3-BF4B-00C04F79EFBC}") = "PB.Proposta.Domain", "PB.Proposta.Worker\PB.Proposta.Domain\PB.Proposta.Domain.csproj", "{C57242F7-519F-4B1C-9E65-C2B253516793}"
EndProject
Project("{FAE04EC0-301F-11D3-BF4B-00C04F79EFBC}") = "PB.Proposta.Infrastructure", "PB.Proposta.Worker\PB.Proposta.Infrastructure\PB.Proposta.Infrastructure.csproj", "{99F584A0-4226-4555-9FB2-9A854E41D3CE}"
EndProject
Project("{2150E333-8FDC-42A3-9474-1A3956D46DE8}") = "PB.Cartao.Worker", "PB.Cartao.Worker", "{D09F4B07-157C-4938-82ED-4B31668A3F75}"
EndProject
Project("{FAE04EC0-301F-11D3-BF4B-00C04F79EFBC}") = "PB.Cartao.Application", "PB.Cartao.Worker\PB.Cartao.Application\PB.Cartao.Application.csproj", "{7289638E-585F-4AB1-9EEF-B9714C09CB09}"
EndProject
Project("{FAE04EC0-301F-11D3-BF4B-00C04F79EFBC}") = "PB.Cartao.Domain", "PB.Cartao.Worker\PB.Cartao.Domain\PB.Cartao.Domain.csproj", "{7373F16C-3CE2-4928-91C9-EDEB64E420DF}"
EndProject
Project("{FAE04EC0-301F-11D3-BF4B-00C04F79EFBC}") = "PB.Cartao.Infrastructure", "PB.Cartao.Worker\PB.Cartao.Infrastructure\PB.Cartao.Infrastructure.csproj", "{67F4A238-847C-4F5A-BD3F-238C471262CF}"
EndProject
Global
	GlobalSection(SolutionConfigurationPlatforms) = preSolution
		Debug|Any CPU = Debug|Any CPU
		Release|Any CPU = Release|Any CPU
	EndGlobalSection
	GlobalSection(SolutionProperties) = preSolution
		HideSolutionNode = FALSE
	EndGlobalSection
	GlobalSection(ProjectConfigurationPlatforms) = postSolution
		{F96E9ECF-60EB-4A8F-BDCD-BC758C371961}.Debug|Any CPU.ActiveCfg = Debug|Any CPU
		{F96E9ECF-60EB-4A8F-BDCD-BC758C371961}.Debug|Any CPU.Build.0 = Debug|Any CPU
		{F96E9ECF-60EB-4A8F-BDCD-BC758C371961}.Release|Any CPU.ActiveCfg = Release|Any CPU
		{F96E9ECF-60EB-4A8F-BDCD-BC758C371961}.Release|Any CPU.Build.0 = Release|Any CPU
		{56A61E28-9D34-4564-A7F8-CA8C48375D49}.Debug|Any CPU.ActiveCfg = Debug|Any CPU
		{56A61E28-9D34-4564-A7F8-CA8C48375D49}.Debug|Any CPU.Build.0 = Debug|Any CPU
		{56A61E28-9D34-4564-A7F8-CA8C48375D49}.Release|Any CPU.ActiveCfg = Release|Any CPU
		{56A61E28-9D34-4564-A7F8-CA8C48375D49}.Release|Any CPU.Build.0 = Release|Any CPU
		{3D21F112-E081-40EC-AF5C-2B6412A695BE}.Debug|Any CPU.ActiveCfg = Debug|Any CPU
		{3D21F112-E081-40EC-AF5C-2B6412A695BE}.Debug|Any CPU.Build.0 = Debug|Any CPU
		{3D21F112-E081-40EC-AF5C-2B6412A695BE}.Release|Any CPU.ActiveCfg = Release|Any CPU
		{3D21F112-E081-40EC-AF5C-2B6412A695BE}.Release|Any CPU.Build.0 = Release|Any CPU
		{DC23E5C1-4BB0-4047-8A36-012DC08F7895}.Debug|Any CPU.ActiveCfg = Debug|Any CPU
		{DC23E5C1-4BB0-4047-8A36-012DC08F7895}.Debug|Any CPU.Build.0 = Debug|Any CPU
		{DC23E5C1-4BB0-4047-8A36-012DC08F7895}.Release|Any CPU.ActiveCfg = Release|Any CPU
		{DC23E5C1-4BB0-4047-8A36-012DC08F7895}.Release|Any CPU.Build.0 = Release|Any CPU
		{D668D429-1765-4DE0-A5C2-D8D0194286E5}.Debug|Any CPU.ActiveCfg = Debug|Any CPU
		{D668D429-1765-4DE0-A5C2-D8D0194286E5}.Debug|Any CPU.Build.0 = Debug|Any CPU
		{D668D429-1765-4DE0-A5C2-D8D0194286E5}.Release|Any CPU.ActiveCfg = Release|Any CPU
		{D668D429-1765-4DE0-A5C2-D8D0194286E5}.Release|Any CPU.Build.0 = Release|Any CPU
		{9711FA1D-9602-4716-B6EB-75260C93B5D3}.Debug|Any CPU.ActiveCfg = Debug|Any CPU
		{9711FA1D-9602-4716-B6EB-75260C93B5D3}.Debug|Any CPU.Build.0 = Debug|Any CPU
		{9711FA1D-9602-4716-B6EB-75260C93B5D3}.Release|Any CPU.ActiveCfg = Release|Any CPU
		{9711FA1D-9602-4716-B6EB-75260C93B5D3}.Release|Any CPU.Build.0 = Release|Any CPU
		{BA02D558-29FF-4C1C-A65E-4205B75FCA93}.Debug|Any CPU.ActiveCfg = Debug|Any CPU
		{BA02D558-29FF-4C1C-A65E-4205B75FCA93}.Debug|Any CPU.Build.0 = Debug|Any CPU
		{BA02D558-29FF-4C1C-A65E-4205B75FCA93}.Release|Any CPU.ActiveCfg = Release|Any CPU
		{BA02D558-29FF-4C1C-A65E-4205B75FCA93}.Release|Any CPU.Build.0 = Release|Any CPU
		{C57242F7-519F-4B1C-9E65-C2B253516793}.Debug|Any CPU.ActiveCfg = Debug|Any CPU
		{C57242F7-519F-4B1C-9E65-C2B253516793}.Debug|Any CPU.Build.0 = Debug|Any CPU
		{C57242F7-519F-4B1C-9E65-C2B253516793}.Release|Any CPU.ActiveCfg = Release|Any CPU
		{C57242F7-519F-4B1C-9E65-C2B253516793}.Release|Any CPU.Build.0 = Release|Any CPU
		{99F584A0-4226-4555-9FB2-9A854E41D3CE}.Debug|Any CPU.ActiveCfg = Debug|Any CPU
		{99F584A0-4226-4555-9FB2-9A854E41D3CE}.Debug|Any CPU.Build.0 = Debug|Any CPU
		{99F584A0-4226-4555-9FB2-9A854E41D3CE}.Release|Any CPU.ActiveCfg = Release|Any CPU
		{99F584A0-4226-4555-9FB2-9A854E41D3CE}.Release|Any CPU.Build.0 = Release|Any CPU
		{7289638E-585F-4AB1-9EEF-B9714C09CB09}.Debug|Any CPU.ActiveCfg = Debug|Any CPU
		{7289638E-585F-4AB1-9EEF-B9714C09CB09}.Debug|Any CPU.Build.0 = Debug|Any CPU
		{7289638E-585F-4AB1-9EEF-B9714C09CB09}.Release|Any CPU.ActiveCfg = Release|Any CPU
		{7289638E-585F-4AB1-9EEF-B9714C09CB09}.Release|Any CPU.Build.0 = Release|Any CPU
		{7373F16C-3CE2-4928-91C9-EDEB64E420DF}.Debug|Any CPU.ActiveCfg = Debug|Any CPU
		{7373F16C-3CE2-4928-91C9-EDEB64E420DF}.Debug|Any CPU.Build.0 = Debug|Any CPU
		{7373F16C-3CE2-4928-91C9-EDEB64E420DF}.Release|Any CPU.ActiveCfg = Release|Any CPU
		{7373F16C-3CE2-4928-91C9-EDEB64E420DF}.Release|Any CPU.Build.0 = Release|Any CPU
		{67F4A238-847C-4F5A-BD3F-238C471262CF}.Debug|Any CPU.ActiveCfg = Debug|Any CPU
		{67F4A238-847C-4F5A-BD3F-238C471262CF}.Debug|Any CPU.Build.0 = Debug|Any CPU
		{67F4A238-847C-4F5A-BD3F-238C471262CF}.Release|Any CPU.ActiveCfg = Release|Any CPU
		{67F4A238-847C-4F5A-BD3F-238C471262CF}.Release|Any CPU.Build.0 = Release|Any CPU
	EndGlobalSection
	GlobalSection(NestedProjects) = preSolution
		{3D21F112-E081-40EC-AF5C-2B6412A695BE} = {4895B5AE-4CE1-465E-B3EE-6ADDD6840446}
		{DC23E5C1-4BB0-4047-8A36-012DC08F7895} = {4895B5AE-4CE1-465E-B3EE-6ADDD6840446}
		{D668D429-1765-4DE0-A5C2-D8D0194286E5} = {4895B5AE-4CE1-465E-B3EE-6ADDD6840446}
		{9711FA1D-9602-4716-B6EB-75260C93B5D3} = {4895B5AE-4CE1-465E-B3EE-6ADDD6840446}
		{F96E9ECF-60EB-4A8F-BDCD-BC758C371961} = {A817D30B-D93C-4549-B57F-826AE41CB5F7}
		{BA02D558-29FF-4C1C-A65E-4205B75FCA93} = {A817D30B-D93C-4549-B57F-826AE41CB5F7}
		{C57242F7-519F-4B1C-9E65-C2B253516793} = {A817D30B-D93C-4549-B57F-826AE41CB5F7}
		{99F584A0-4226-4555-9FB2-9A854E41D3CE} = {A817D30B-D93C-4549-B57F-826AE41CB5F7}
		{56A61E28-9D34-4564-A7F8-CA8C48375D49} = {D09F4B07-157C-4938-82ED-4B31668A3F75}
		{7289638E-585F-4AB1-9EEF-B9714C09CB09} = {D09F4B07-157C-4938-82ED-4B31668A3F75}
		{7373F16C-3CE2-4928-91C9-EDEB64E420DF} = {D09F4B07-157C-4938-82ED-4B31668A3F75}
		{67F4A238-847C-4F5A-BD3F-238C471262CF} = {D09F4B07-157C-4938-82ED-4B31668A3F75}
	EndGlobalSection
EndGlobal
